
Microsoft Visual Studio Solution File, Format Version 12.00
# Visual Studio 2012
Project("{FAE04EC0-301F-11D3-BF4B-00C04F79EFBC}") = "SimpleAudioForms", "SimpleAudioForms\SimpleAudioForms.csproj", "{3F320AA1-E236-4745-B56B-195DB1121781}"
EndProject
Project("{FAE04EC0-301F-11D3-BF4B-00C04F79EFBC}") = "SimpleAudioForms.iOS", "iOS\SimpleAudioForms.iOS.csproj", "{AF524F22-16B7-4E49-A3A2-014606F98BB1}"
EndProject
Project("{FAE04EC0-301F-11D3-BF4B-00C04F79EFBC}") = "SimpleAudioForms.Droid", "Droid\SimpleAudioForms.Droid.csproj", "{B8936200-43E3-4E6F-9659-531675C44F85}"
EndProject
Global
	GlobalSection(SolutionConfigurationPlatforms) = preSolution
		Debug|Any CPU = Debug|Any CPU
		Release|Any CPU = Release|Any CPU
		Debug|iPhoneSimulator = Debug|iPhoneSimulator
		Release|iPhoneSimulator = Release|iPhoneSimulator
		Debug|iPhone = Debug|iPhone
		Release|iPhone = Release|iPhone
		Ad-Hoc|iPhone = Ad-Hoc|iPhone
		AppStore|iPhone = AppStore|iPhone
	EndGlobalSection
	GlobalSection(ProjectConfigurationPlatforms) = postSolution
		{3F320AA1-E236-4745-B56B-195DB1121781}.Ad-Hoc|iPhone.ActiveCfg = Debug|Any CPU
		{3F320AA1-E236-4745-B56B-195DB1121781}.Ad-Hoc|iPhone.Build.0 = Debug|Any CPU
		{3F320AA1-E236-4745-B56B-195DB1121781}.AppStore|iPhone.ActiveCfg = Debug|Any CPU
		{3F320AA1-E236-4745-B56B-195DB1121781}.AppStore|iPhone.Build.0 = Debug|Any CPU
		{3F320AA1-E236-4745-B56B-195DB1121781}.Debug|Any CPU.ActiveCfg = Debug|Any CPU
		{3F320AA1-E236-4745-B56B-195DB1121781}.Debug|Any CPU.Build.0 = Debug|Any CPU
		{3F320AA1-E236-4745-B56B-195DB1121781}.Debug|iPhone.ActiveCfg = Debug|Any CPU
		{3F320AA1-E236-4745-B56B-195DB1121781}.Debug|iPhone.Build.0 = Debug|Any CPU
		{3F320AA1-E236-4745-B56B-195DB1121781}.Debug|iPhoneSimulator.ActiveCfg = Debug|Any CPU
		{3F320AA1-E236-4745-B56B-195DB1121781}.Debug|iPhoneSimulator.Build.0 = Debug|Any CPU
		{3F320AA1-E236-4745-B56B-195DB1121781}.Release|Any CPU.ActiveCfg = Release|Any CPU
		{3F320AA1-E236-4745-B56B-195DB1121781}.Release|Any CPU.Build.0 = Release|Any CPU
		{3F320AA1-E236-4745-B56B-195DB1121781}.Release|iPhone.ActiveCfg = Release|Any CPU
		{3F320AA1-E236-4745-B56B-195DB1121781}.Release|iPhone.Build.0 = Release|Any CPU
		{3F320AA1-E236-4745-B56B-195DB1121781}.Release|iPhoneSimulator.ActiveCfg = Release|Any CPU
		{3F320AA1-E236-4745-B56B-195DB1121781}.Release|iPhoneSimulator.Build.0 = Release|Any CPU
		{AF524F22-16B7-4E49-A3A2-014606F98BB1}.Ad-Hoc|iPhone.ActiveCfg = Ad-Hoc|iPhone
		{AF524F22-16B7-4E49-A3A2-014606F98BB1}.Ad-Hoc|iPhone.Build.0 = Ad-Hoc|iPhone
		{AF524F22-16B7-4E49-A3A2-014606F98BB1}.AppStore|iPhone.ActiveCfg = AppStore|iPhone
		{AF524F22-16B7-4E49-A3A2-014606F98BB1}.AppStore|iPhone.Build.0 = AppStore|iPhone
		{AF524F22-16B7-4E49-A3A2-014606F98BB1}.Debug|Any CPU.ActiveCfg = Debug|iPhoneSimulator
		{AF524F22-16B7-4E49-A3A2-014606F98BB1}.Debug|Any CPU.Build.0 = Debug|iPhoneSimulator
		{AF524F22-16B7-4E49-A3A2-014606F98BB1}.Debug|iPhone.ActiveCfg = Debug|iPhone
		{AF524F22-16B7-4E49-A3A2-014606F98BB1}.Debug|iPhone.Build.0 = Debug|iPhone
		{AF524F22-16B7-4E49-A3A2-014606F98BB1}.Debug|iPhoneSimulator.ActiveCfg = Debug|iPhoneSimulator
		{AF524F22-16B7-4E49-A3A2-014606F98BB1}.Debug|iPhoneSimulator.Build.0 = Debug|iPhoneSimulator
		{AF524F22-16B7-4E49-A3A2-014606F98BB1}.Release|Any CPU.ActiveCfg = Release|iPhoneSimulator
		{AF524F22-16B7-4E49-A3A2-014606F98BB1}.Release|Any CPU.Build.0 = Release|iPhoneSimulator
		{AF524F22-16B7-4E49-A3A2-014606F98BB1}.Release|iPhone.ActiveCfg = Release|iPhone
		{AF524F22-16B7-4E49-A3A2-014606F98BB1}.Release|iPhone.Build.0 = Release|iPhone
		{AF524F22-16B7-4E49-A3A2-014606F98BB1}.Release|iPhoneSimulator.ActiveCfg = Release|iPhoneSimulator
		{AF524F22-16B7-4E49-A3A2-014606F98BB1}.Release|iPhoneSimulator.Build.0 = Release|iPhoneSimulator
		{B8936200-43E3-4E6F-9659-531675C44F85}.Ad-Hoc|iPhone.ActiveCfg = Release|Any CPU
		{B8936200-43E3-4E6F-9659-531675C44F85}.Ad-Hoc|iPhone.Build.0 = Release|Any CPU
		{B8936200-43E3-4E6F-9659-531675C44F85}.AppStore|iPhone.ActiveCfg = Release|Any CPU
		{B8936200-43E3-4E6F-9659-531675C44F85}.AppStore|iPhone.Build.0 = Release|Any CPU
		{B8936200-43E3-4E6F-9659-531675C44F85}.Debug|Any CPU.ActiveCfg = Debug|Any CPU
		{B8936200-43E3-4E6F-9659-531675C44F85}.Debug|Any CPU.Build.0 = Debug|Any CPU
		{B8936200-43E3-4E6F-9659-531675C44F85}.Debug|iPhone.ActiveCfg = Debug|Any CPU
		{B8936200-43E3-4E6F-9659-531675C44F85}.Debug|iPhone.Build.0 = Debug|Any CPU
		{B8936200-43E3-4E6F-9659-531675C44F85}.Debug|iPhoneSimulator.ActiveCfg = Debug|Any CPU
		{B8936200-43E3-4E6F-9659-531675C44F85}.Debug|iPhoneSimulator.Build.0 = Debug|Any CPU
		{B8936200-43E3-4E6F-9659-531675C44F85}.Release|Any CPU.ActiveCfg = Release|Any CPU
		{B8936200-43E3-4E6F-9659-531675C44F85}.Release|Any CPU.Build.0 = Release|Any CPU
		{B8936200-43E3-4E6F-9659-531675C44F85}.Release|iPhone.ActiveCfg = Release|Any CPU
		{B8936200-43E3-4E6F-9659-531675C44F85}.Release|iPhone.Build.0 = Release|Any CPU
		{B8936200-43E3-4E6F-9659-531675C44F85}.Release|iPhoneSimulator.ActiveCfg = Release|Any CPU
		{B8936200-43E3-4E6F-9659-531675C44F85}.Release|iPhoneSimulator.Build.0 = Release|Any CPU
	EndGlobalSection
EndGlobal
